
Microsoft Visual Studio Solution File, Format Version 12.00
# Visual Studio Version 17
VisualStudioVersion = 17.3.32929.385
MinimumVisualStudioVersion = 10.0.40219.1
Project("{FAE04EC0-301F-11D3-BF4B-00C04F79EFBC}") = "SportsStore", "SportsStore\SportsStore.csproj", "{372DE7A4-294D-454A-98BE-BB7D2B9E096B}"
EndProject
Global
	GlobalSection(SolutionConfigurationPlatforms) = preSolution
		Debug|Any CPU = Debug|Any CPU
		Release|Any CPU = Release|Any CPU
	EndGlobalSection
	GlobalSection(ProjectConfigurationPlatforms) = postSolution
		{372DE7A4-294D-454A-98BE-BB7D2B9E096B}.Debug|Any CPU.ActiveCfg = Debug|Any CPU
		{372DE7A4-294D-454A-98BE-BB7D2B9E096B}.Debug|Any CPU.Build.0 = Debug|Any CPU
		{372DE7A4-294D-454A-98BE-BB7D2B9E096B}.Release|Any CPU.ActiveCfg = Release|Any CPU
		{372DE7A4-294D-454A-98BE-BB7D2B9E096B}.Release|Any CPU.Build.0 = Release|Any CPU
	EndGlobalSection
	GlobalSection(SolutionProperties) = preSolution
		HideSolutionNode = FALSE
	EndGlobalSection
	GlobalSection(ExtensibilityGlobals) = postSolution
		SolutionGuid = {00E0D1E6-053C-4C73-8F8F-7580861A55A5}
	EndGlobalSection
EndGlobal
